
Microsoft Visual Studio Solution File, Format Version 12.00
# Visual Studio Version 16
VisualStudioVersion = 16.0.30611.23
MinimumVisualStudioVersion = 10.0.40219.1
Project("{FAE04EC0-301F-11D3-BF4B-00C04F79EFBC}") = "FileOperations", "FileOperations\FileOperations.csproj", "{F0C056B8-59E7-4F5A-A753-8D9CA203B223}"
EndProject
Global
	GlobalSection(SolutionConfigurationPlatforms) = preSolution
		Debug|Any CPU = Debug|Any CPU
		Release|Any CPU = Release|Any CPU
	EndGlobalSection
	GlobalSection(ProjectConfigurationPlatforms) = postSolution
		{F0C056B8-59E7-4F5A-A753-8D9CA203B223}.Debug|Any CPU.ActiveCfg = Debug|Any CPU
		{F0C056B8-59E7-4F5A-A753-8D9CA203B223}.Debug|Any CPU.Build.0 = Debug|Any CPU
		{F0C056B8-59E7-4F5A-A753-8D9CA203B223}.Release|Any CPU.ActiveCfg = Release|Any CPU
		{F0C056B8-59E7-4F5A-A753-8D9CA203B223}.Release|Any CPU.Build.0 = Release|Any CPU
	EndGlobalSection
	GlobalSection(SolutionProperties) = preSolution
		HideSolutionNode = FALSE
	EndGlobalSection
	GlobalSection(ExtensibilityGlobals) = postSolution
		SolutionGuid = {34909FA5-2DCE-4A74-8CE7-5A806C047A12}
	EndGlobalSection
EndGlobal
